// !$*UTF8*$!
{
	archiveVersion = 1;
	classes = {
	};
	objectVersion = 46;
	objects = {

/* Begin PBXBuildFile section */
		770632591DC7370600EC4E66 /* one.txt in Resources */ = {isa = PBXBuildFile; fileRef = 770632581DC7370600EC4E66 /* one.txt */; };
		7710D2581DB9AE1D000D2555 /* libz.tbd in Frameworks */ = {isa = PBXBuildFile; fileRef = 7710D2571DB9AE1D000D2555 /* libz.tbd */; };
		7710D2761DB9C2F1000D2555 /* Default-568h@2x.png in Resources */ = {isa = PBXBuildFile; fileRef = 7710D2731DB9C2F1000D2555 /* Default-568h@2x.png */; };
		7710D2771DB9C2F1000D2555 /* Default.png in Resources */ = {isa = PBXBuildFile; fileRef = 7710D2741DB9C2F1000D2555 /* Default.png */; };
		7710D2781DB9C2F1000D2555 /* Default@2x.png in Resources */ = {isa = PBXBuildFile; fileRef = 7710D2751DB9C2F1000D2555 /* Default@2x.png */; };
		774067731DC86C650062A2B7 /* TxtSource.m in Sources */ = {isa = PBXBuildFile; fileRef = 774067721DC86C650062A2B7 /* TxtSource.m */; };
		774067761DC86C7D0062A2B7 /* TxtDataViewController.m in Sources */ = {isa = PBXBuildFile; fileRef = 774067751DC86C7D0062A2B7 /* TxtDataViewController.m */; };
		774067821DC870A20062A2B7 /* BookSource.m in Sources */ = {isa = PBXBuildFile; fileRef = 774067791DC870A20062A2B7 /* BookSource.m */; };
		774067831DC870A20062A2B7 /* BookViewController.m in Sources */ = {isa = PBXBuildFile; fileRef = 7740677B1DC870A20062A2B7 /* BookViewController.m */; };
		774067841DC870A20062A2B7 /* DataViewController.m in Sources */ = {isa = PBXBuildFile; fileRef = 7740677D1DC870A20062A2B7 /* DataViewController.m */; };
		774067851DC870A20062A2B7 /* PDFScrollView.m in Sources */ = {isa = PBXBuildFile; fileRef = 7740677F1DC870A20062A2B7 /* PDFScrollView.m */; };
		774067861DC870A20062A2B7 /* TiledPDFView.m in Sources */ = {isa = PBXBuildFile; fileRef = 774067811DC870A20062A2B7 /* TiledPDFView.m */; };
		774067891DC870BD0062A2B7 /* TxtBookViewController.m in Sources */ = {isa = PBXBuildFile; fileRef = 774067881DC870BD0062A2B7 /* TxtBookViewController.m */; };
		775395531DBDB93F00DB5F38 /* om.pdf in Resources */ = {isa = PBXBuildFile; fileRef = 775395521DBDB93F00DB5F38 /* om.pdf */; };
		775F2AF31DCB5F22003AAAD8 /* BackViewController.m in Sources */ = {isa = PBXBuildFile; fileRef = 775F2AF21DCB5F22003AAAD8 /* BackViewController.m */; };
		776DD2B21DB8B0360084C951 /* main.m in Sources */ = {isa = PBXBuildFile; fileRef = 776DD2B11DB8B0360084C951 /* main.m */; };
		776DD2BE1DB8B0360084C951 /* HKBookshelf.xcdatamodeld in Sources */ = {isa = PBXBuildFile; fileRef = 776DD2BC1DB8B0360084C951 /* HKBookshelf.xcdatamodeld */; };
		776DD2C01DB8B0360084C951 /* Assets.xcassets in Resources */ = {isa = PBXBuildFile; fileRef = 776DD2BF1DB8B0360084C951 /* Assets.xcassets */; };
		776DD2C31DB8B0360084C951 /* LaunchScreen.storyboard in Resources */ = {isa = PBXBuildFile; fileRef = 776DD2C11DB8B0360084C951 /* LaunchScreen.storyboard */; };
		776DD2CE1DB8B0360084C951 /* HKBookshelfTests.m in Sources */ = {isa = PBXBuildFile; fileRef = 776DD2CD1DB8B0360084C951 /* HKBookshelfTests.m */; };
		776DD2D91DB8B0360084C951 /* HKBookshelfUITests.m in Sources */ = {isa = PBXBuildFile; fileRef = 776DD2D81DB8B0360084C951 /* HKBookshelfUITests.m */; };
		77985C851DB9C5A700CC394B /* Main.storyboard in Resources */ = {isa = PBXBuildFile; fileRef = 77985C841DB9C5A700CC394B /* Main.storyboard */; };
		77985CAA1DB9C5DA00CC394B /* HKNavigationController.m in Sources */ = {isa = PBXBuildFile; fileRef = 77985C8E1DB9C5DA00CC394B /* HKNavigationController.m */; };
		77985CAB1DB9C5DA00CC394B /* HKViewController.m in Sources */ = {isa = PBXBuildFile; fileRef = 77985C911DB9C5DA00CC394B /* HKViewController.m */; };
		77985CAC1DB9C5DA00CC394B /* NSDate+HKExtends.m in Sources */ = {isa = PBXBuildFile; fileRef = 77985C951DB9C5DA00CC394B /* NSDate+HKExtends.m */; };
		77985CAD1DB9C5DA00CC394B /* NSDictionary+HKExtends.m in Sources */ = {isa = PBXBuildFile; fileRef = 77985C971DB9C5DA00CC394B /* NSDictionary+HKExtends.m */; };
		77985CAE1DB9C5DA00CC394B /* NSString+HKExtends.m in Sources */ = {isa = PBXBuildFile; fileRef = 77985C991DB9C5DA00CC394B /* NSString+HKExtends.m */; };
		77985CAF1DB9C5DA00CC394B /* UIBarButtonItem+HKExtends.m in Sources */ = {isa = PBXBuildFile; fileRef = 77985C9B1DB9C5DA00CC394B /* UIBarButtonItem+HKExtends.m */; };
		77985CB01DB9C5DA00CC394B /* UIImage+HKExtends.m in Sources */ = {isa = PBXBuildFile; fileRef = 77985C9D1DB9C5DA00CC394B /* UIImage+HKExtends.m */; };
		77985CB11DB9C5DA00CC394B /* UILabel+HKExtends.m in Sources */ = {isa = PBXBuildFile; fileRef = 77985C9F1DB9C5DA00CC394B /* UILabel+HKExtends.m */; };
		77985CB21DB9C5DA00CC394B /* UINavigationController+HKExtends.m in Sources */ = {isa = PBXBuildFile; fileRef = 77985CA11DB9C5DA00CC394B /* UINavigationController+HKExtends.m */; };
		77985CBA1DB9C62A00CC394B /* AppDelegate.m in Sources */ = {isa = PBXBuildFile; fileRef = 77985CB91DB9C62A00CC394B /* AppDelegate.m */; };
		77AE13761DC9B8C300067015 /* BookMenu.m in Sources */ = {isa = PBXBuildFile; fileRef = 77AE13751DC9B8C300067015 /* BookMenu.m */; };
/* End PBXBuildFile section */

/* Begin PBXContainerItemProxy section */
		776DD2CA1DB8B0360084C951 /* PBXContainerItemProxy */ = {
			isa = PBXContainerItemProxy;
			containerPortal = 776DD2A51DB8B0360084C951 /* Project object */;
			proxyType = 1;
			remoteGlobalIDString = 776DD2AC1DB8B0360084C951;
			remoteInfo = HKBookshelf;
		};
		776DD2D51DB8B0360084C951 /* PBXContainerItemProxy */ = {
			isa = PBXContainerItemProxy;
			containerPortal = 776DD2A51DB8B0360084C951 /* Project object */;
			proxyType = 1;
			remoteGlobalIDString = 776DD2AC1DB8B0360084C951;
			remoteInfo = HKBookshelf;
		};
/* End PBXContainerItemProxy section */

/* Begin PBXFileReference section */
		770632581DC7370600EC4E66 /* one.txt */ = {isa = PBXFileReference; fileEncoding = 4; lastKnownFileType = text; path = one.txt; sourceTree = "<group>"; };
		7710D2571DB9AE1D000D2555 /* libz.tbd */ = {isa = PBXFileReference; lastKnownFileType = "sourcecode.text-based-dylib-definition"; name = libz.tbd; path = usr/lib/libz.tbd; sourceTree = SDKROOT; };
		7710D2731DB9C2F1000D2555 /* Default-568h@2x.png */ = {isa = PBXFileReference; lastKnownFileType = image.png; path = "Default-568h@2x.png"; sourceTree = "<group>"; };
		7710D2741DB9C2F1000D2555 /* Default.png */ = {isa = PBXFileReference; lastKnownFileType = image.png; path = Default.png; sourceTree = "<group>"; };
		7710D2751DB9C2F1000D2555 /* Default@2x.png */ = {isa = PBXFileReference; lastKnownFileType = image.png; path = "Default@2x.png"; sourceTree = "<group>"; };
		774067711DC86C650062A2B7 /* TxtSource.h */ = {isa = PBXFileReference; fileEncoding = 4; lastKnownFileType = sourcecode.c.h; path = TxtSource.h; sourceTree = "<group>"; };
		774067721DC86C650062A2B7 /* TxtSource.m */ = {isa = PBXFileReference; fileEncoding = 4; lastKnownFileType = sourcecode.c.objc; path = TxtSource.m; sourceTree = "<group>"; };
		774067741DC86C7D0062A2B7 /* TxtDataViewController.h */ = {isa = PBXFileReference; fileEncoding = 4; lastKnownFileType = sourcecode.c.h; path = TxtDataViewController.h; sourceTree = "<group>"; };
		774067751DC86C7D0062A2B7 /* TxtDataViewController.m */ = {isa = PBXFileReference; fileEncoding = 4; lastKnownFileType = sourcecode.c.objc; path = TxtDataViewController.m; sourceTree = "<group>"; };
		774067781DC870A20062A2B7 /* BookSource.h */ = {isa = PBXFileReference; fileEncoding = 4; lastKnownFileType = sourcecode.c.h; path = BookSource.h; sourceTree = "<group>"; };
		774067791DC870A20062A2B7 /* BookSource.m */ = {isa = PBXFileReference; fileEncoding = 4; lastKnownFileType = sourcecode.c.objc; path = BookSource.m; sourceTree = "<group>"; };
		7740677A1DC870A20062A2B7 /* BookViewController.h */ = {isa = PBXFileReference; fileEncoding = 4; lastKnownFileType = sourcecode.c.h; path = BookViewController.h; sourceTree = "<group>"; };
		7740677B1DC870A20062A2B7 /* BookViewController.m */ = {isa = PBXFileReference; fileEncoding = 4; lastKnownFileType = sourcecode.c.objc; path = BookViewController.m; sourceTree = "<group>"; };
		7740677C1DC870A20062A2B7 /* DataViewController.h */ = {isa = PBXFileReference; fileEncoding = 4; lastKnownFileType = sourcecode.c.h; path = DataViewController.h; sourceTree = "<group>"; };
		7740677D1DC870A20062A2B7 /* DataViewController.m */ = {isa = PBXFileReference; fileEncoding = 4; lastKnownFileType = sourcecode.c.objc; path = DataViewController.m; sourceTree = "<group>"; };
		7740677E1DC870A20062A2B7 /* PDFScrollView.h */ = {isa = PBXFileReference; fileEncoding = 4; lastKnownFileType = sourcecode.c.h; path = PDFScrollView.h; sourceTree = "<group>"; };
		7740677F1DC870A20062A2B7 /* PDFScrollView.m */ = {isa = PBXFileReference; fileEncoding = 4; lastKnownFileType = sourcecode.c.objc; path = PDFScrollView.m; sourceTree = "<group>"; };
		774067801DC870A20062A2B7 /* TiledPDFView.h */ = {isa = PBXFileReference; fileEncoding = 4; lastKnownFileType = sourcecode.c.h; path = TiledPDFView.h; sourceTree = "<group>"; };
		774067811DC870A20062A2B7 /* TiledPDFView.m */ = {isa = PBXFileReference; fileEncoding = 4; lastKnownFileType = sourcecode.c.objc; path = TiledPDFView.m; sourceTree = "<group>"; };
		774067871DC870BD0062A2B7 /* TxtBookViewController.h */ = {isa = PBXFileReference; fileEncoding = 4; lastKnownFileType = sourcecode.c.h; path = TxtBookViewController.h; sourceTree = "<group>"; };
		774067881DC870BD0062A2B7 /* TxtBookViewController.m */ = {isa = PBXFileReference; fileEncoding = 4; lastKnownFileType = sourcecode.c.objc; path = TxtBookViewController.m; sourceTree = "<group>"; };
		775395521DBDB93F00DB5F38 /* om.pdf */ = {isa = PBXFileReference; lastKnownFileType = image.pdf; path = om.pdf; sourceTree = "<group>"; };
		775F2AF11DCB5F22003AAAD8 /* BackViewController.h */ = {isa = PBXFileReference; fileEncoding = 4; lastKnownFileType = sourcecode.c.h; path = BackViewController.h; sourceTree = "<group>"; };
		775F2AF21DCB5F22003AAAD8 /* BackViewController.m */ = {isa = PBXFileReference; fileEncoding = 4; lastKnownFileType = sourcecode.c.objc; path = BackViewController.m; sourceTree = "<group>"; };
		776DD2AD1DB8B0360084C951 /* HKBookshelf.app */ = {isa = PBXFileReference; explicitFileType = wrapper.application; includeInIndex = 0; path = HKBookshelf.app; sourceTree = BUILT_PRODUCTS_DIR; };
		776DD2B11DB8B0360084C951 /* main.m */ = {isa = PBXFileReference; lastKnownFileType = sourcecode.c.objc; path = main.m; sourceTree = "<group>"; };
		776DD2BD1DB8B0360084C951 /* HKBookshelf.xcdatamodel */ = {isa = PBXFileReference; lastKnownFileType = wrapper.xcdatamodel; path = HKBookshelf.xcdatamodel; sourceTree = "<group>"; };
		776DD2BF1DB8B0360084C951 /* Assets.xcassets */ = {isa = PBXFileReference; lastKnownFileType = folder.assetcatalog; path = Assets.xcassets; sourceTree = "<group>"; };
		776DD2C21DB8B0360084C951 /* Base */ = {isa = PBXFileReference; lastKnownFileType = file.storyboard; name = Base; path = Base.lproj/LaunchScreen.storyboard; sourceTree = "<group>"; };
		776DD2C41DB8B0360084C951 /* Info.plist */ = {isa = PBXFileReference; lastKnownFileType = text.plist.xml; path = Info.plist; sourceTree = "<group>"; };
		776DD2C91DB8B0360084C951 /* HKBookshelfTests.xctest */ = {isa = PBXFileReference; explicitFileType = wrapper.cfbundle; includeInIndex = 0; path = HKBookshelfTests.xctest; sourceTree = BUILT_PRODUCTS_DIR; };
		776DD2CD1DB8B0360084C951 /* HKBookshelfTests.m */ = {isa = PBXFileReference; lastKnownFileType = sourcecode.c.objc; path = HKBookshelfTests.m; sourceTree = "<group>"; };
		776DD2CF1DB8B0360084C951 /* Info.plist */ = {isa = PBXFileReference; lastKnownFileType = text.plist.xml; path = Info.plist; sourceTree = "<group>"; };
		776DD2D41DB8B0360084C951 /* HKBookshelfUITests.xctest */ = {isa = PBXFileReference; explicitFileType = wrapper.cfbundle; includeInIndex = 0; path = HKBookshelfUITests.xctest; sourceTree = BUILT_PRODUCTS_DIR; };
		776DD2D81DB8B0360084C951 /* HKBookshelfUITests.m */ = {isa = PBXFileReference; lastKnownFileType = sourcecode.c.objc; path = HKBookshelfUITests.m; sourceTree = "<group>"; };
		776DD2DA1DB8B0360084C951 /* Info.plist */ = {isa = PBXFileReference; lastKnownFileType = text.plist.xml; path = Info.plist; sourceTree = "<group>"; };
		77985C841DB9C5A700CC394B /* Main.storyboard */ = {isa = PBXFileReference; fileEncoding = 4; lastKnownFileType = file.storyboard; path = Main.storyboard; sourceTree = "<group>"; };
		77985C8D1DB9C5DA00CC394B /* HKNavigationController.h */ = {isa = PBXFileReference; fileEncoding = 4; lastKnownFileType = sourcecode.c.h; path = HKNavigationController.h; sourceTree = "<group>"; };
		77985C8E1DB9C5DA00CC394B /* HKNavigationController.m */ = {isa = PBXFileReference; fileEncoding = 4; lastKnownFileType = sourcecode.c.objc; path = HKNavigationController.m; sourceTree = "<group>"; };
		77985C901DB9C5DA00CC394B /* HKViewController.h */ = {isa = PBXFileReference; fileEncoding = 4; lastKnownFileType = sourcecode.c.h; path = HKViewController.h; sourceTree = "<group>"; };
		77985C911DB9C5DA00CC394B /* HKViewController.m */ = {isa = PBXFileReference; fileEncoding = 4; lastKnownFileType = sourcecode.c.objc; path = HKViewController.m; sourceTree = "<group>"; };
		77985C941DB9C5DA00CC394B /* NSDate+HKExtends.h */ = {isa = PBXFileReference; fileEncoding = 4; lastKnownFileType = sourcecode.c.h; path = "NSDate+HKExtends.h"; sourceTree = "<group>"; };
		77985C951DB9C5DA00CC394B /* NSDate+HKExtends.m */ = {isa = PBXFileReference; fileEncoding = 4; lastKnownFileType = sourcecode.c.objc; path = "NSDate+HKExtends.m"; sourceTree = "<group>"; };
		77985C961DB9C5DA00CC394B /* NSDictionary+HKExtends.h */ = {isa = PBXFileReference; fileEncoding = 4; lastKnownFileType = sourcecode.c.h; path = "NSDictionary+HKExtends.h"; sourceTree = "<group>"; };
		77985C971DB9C5DA00CC394B /* NSDictionary+HKExtends.m */ = {isa = PBXFileReference; fileEncoding = 4; lastKnownFileType = sourcecode.c.objc; path = "NSDictionary+HKExtends.m"; sourceTree = "<group>"; };
		77985C981DB9C5DA00CC394B /* NSString+HKExtends.h */ = {isa = PBXFileReference; fileEncoding = 4; lastKnownFileType = sourcecode.c.h; path = "NSString+HKExtends.h"; sourceTree = "<group>"; };
		77985C991DB9C5DA00CC394B /* NSString+HKExtends.m */ = {isa = PBXFileReference; fileEncoding = 4; lastKnownFileType = sourcecode.c.objc; path = "NSString+HKExtends.m"; sourceTree = "<group>"; };
		77985C9A1DB9C5DA00CC394B /* UIBarButtonItem+HKExtends.h */ = {isa = PBXFileReference; fileEncoding = 4; lastKnownFileType = sourcecode.c.h; path = "UIBarButtonItem+HKExtends.h"; sourceTree = "<group>"; };
		77985C9B1DB9C5DA00CC394B /* UIBarButtonItem+HKExtends.m */ = {isa = PBXFileReference; fileEncoding = 4; lastKnownFileType = sourcecode.c.objc; path = "UIBarButtonItem+HKExtends.m"; sourceTree = "<group>"; };
		77985C9C1DB9C5DA00CC394B /* UIImage+HKExtends.h */ = {isa = PBXFileReference; fileEncoding = 4; lastKnownFileType = sourcecode.c.h; path = "UIImage+HKExtends.h"; sourceTree = "<group>"; };
		77985C9D1DB9C5DA00CC394B /* UIImage+HKExtends.m */ = {isa = PBXFileReference; fileEncoding = 4; lastKnownFileType = sourcecode.c.objc; path = "UIImage+HKExtends.m"; sourceTree = "<group>"; };
		77985C9E1DB9C5DA00CC394B /* UILabel+HKExtends.h */ = {isa = PBXFileReference; fileEncoding = 4; lastKnownFileType = sourcecode.c.h; path = "UILabel+HKExtends.h"; sourceTree = "<group>"; };
		77985C9F1DB9C5DA00CC394B /* UILabel+HKExtends.m */ = {isa = PBXFileReference; fileEncoding = 4; lastKnownFileType = sourcecode.c.objc; path = "UILabel+HKExtends.m"; sourceTree = "<group>"; };
		77985CA01DB9C5DA00CC394B /* UINavigationController+HKExtends.h */ = {isa = PBXFileReference; fileEncoding = 4; lastKnownFileType = sourcecode.c.h; path = "UINavigationController+HKExtends.h"; sourceTree = "<group>"; };
		77985CA11DB9C5DA00CC394B /* UINavigationController+HKExtends.m */ = {isa = PBXFileReference; fileEncoding = 4; lastKnownFileType = sourcecode.c.objc; path = "UINavigationController+HKExtends.m"; sourceTree = "<group>"; };
		77985CA31DB9C5DA00CC394B /* HKModelMarco.h */ = {isa = PBXFileReference; fileEncoding = 4; lastKnownFileType = sourcecode.c.h; path = HKModelMarco.h; sourceTree = "<group>"; };
		77985CA41DB9C5DA00CC394B /* HKViewMarco.h */ = {isa = PBXFileReference; fileEncoding = 4; lastKnownFileType = sourcecode.c.h; path = HKViewMarco.h; sourceTree = "<group>"; };
		77985CB81DB9C62A00CC394B /* AppDelegate.h */ = {isa = PBXFileReference; fileEncoding = 4; lastKnownFileType = sourcecode.c.h; path = AppDelegate.h; sourceTree = "<group>"; };
		77985CB91DB9C62A00CC394B /* AppDelegate.m */ = {isa = PBXFileReference; fileEncoding = 4; lastKnownFileType = sourcecode.c.objc; path = AppDelegate.m; sourceTree = "<group>"; };
		77AE13741DC9B8C300067015 /* BookMenu.h */ = {isa = PBXFileReference; fileEncoding = 4; lastKnownFileType = sourcecode.c.h; path = BookMenu.h; sourceTree = "<group>"; };
		77AE13751DC9B8C300067015 /* BookMenu.m */ = {isa = PBXFileReference; fileEncoding = 4; lastKnownFileType = sourcecode.c.objc; path = BookMenu.m; sourceTree = "<group>"; };
/* End PBXFileReference section */

/* Begin PBXFrameworksBuildPhase section */
		776DD2AA1DB8B0360084C951 /* Frameworks */ = {
			isa = PBXFrameworksBuildPhase;
			buildActionMask = 2147483647;
			files = (
				7710D2581DB9AE1D000D2555 /* libz.tbd in Frameworks */,
			);
			runOnlyForDeploymentPostprocessing = 0;
		};
		776DD2C61DB8B0360084C951 /* Frameworks */ = {
			isa = PBXFrameworksBuildPhase;
			buildActionMask = 2147483647;
			files = (
			);
			runOnlyForDeploymentPostprocessing = 0;
		};
		776DD2D11DB8B0360084C951 /* Frameworks */ = {
			isa = PBXFrameworksBuildPhase;
			buildActionMask = 2147483647;
			files = (
			);
			runOnlyForDeploymentPostprocessing = 0;
		};
/* End PBXFrameworksBuildPhase section */

/* Begin PBXGroup section */
		7710D2561DB9AE1D000D2555 /* Frameworks */ = {
			isa = PBXGroup;
			children = (
				7710D2571DB9AE1D000D2555 /* libz.tbd */,
			);
			name = Frameworks;
			sourceTree = "<group>";
		};
		774067701DC86C650062A2B7 /* Txt */ = {
			isa = PBXGroup;
			children = (
				774067711DC86C650062A2B7 /* TxtSource.h */,
				774067721DC86C650062A2B7 /* TxtSource.m */,
				774067741DC86C7D0062A2B7 /* TxtDataViewController.h */,
				774067751DC86C7D0062A2B7 /* TxtDataViewController.m */,
				774067871DC870BD0062A2B7 /* TxtBookViewController.h */,
				774067881DC870BD0062A2B7 /* TxtBookViewController.m */,
				77AE13741DC9B8C300067015 /* BookMenu.h */,
				77AE13751DC9B8C300067015 /* BookMenu.m */,
			);
			path = Txt;
			sourceTree = "<group>";
		};
		774067771DC870A20062A2B7 /* PDF */ = {
			isa = PBXGroup;
			children = (
				774067781DC870A20062A2B7 /* BookSource.h */,
				774067791DC870A20062A2B7 /* BookSource.m */,
				7740677A1DC870A20062A2B7 /* BookViewController.h */,
				7740677B1DC870A20062A2B7 /* BookViewController.m */,
				7740677C1DC870A20062A2B7 /* DataViewController.h */,
				7740677D1DC870A20062A2B7 /* DataViewController.m */,
				7740677E1DC870A20062A2B7 /* PDFScrollView.h */,
				7740677F1DC870A20062A2B7 /* PDFScrollView.m */,
				774067801DC870A20062A2B7 /* TiledPDFView.h */,
				774067811DC870A20062A2B7 /* TiledPDFView.m */,
			);
			path = PDF;
			sourceTree = "<group>";
		};
		776DD2A41DB8B0360084C951 = {
			isa = PBXGroup;
			children = (
				776DD2AF1DB8B0360084C951 /* HKBookshelf */,
				776DD2CC1DB8B0360084C951 /* HKBookshelfTests */,
				776DD2D71DB8B0360084C951 /* HKBookshelfUITests */,
				776DD2AE1DB8B0360084C951 /* Products */,
				7710D2561DB9AE1D000D2555 /* Frameworks */,
			);
			sourceTree = "<group>";
		};
		776DD2AE1DB8B0360084C951 /* Products */ = {
			isa = PBXGroup;
			children = (
				776DD2AD1DB8B0360084C951 /* HKBookshelf.app */,
				776DD2C91DB8B0360084C951 /* HKBookshelfTests.xctest */,
				776DD2D41DB8B0360084C951 /* HKBookshelfUITests.xctest */,
			);
			name = Products;
			sourceTree = "<group>";
		};
		776DD2AF1DB8B0360084C951 /* HKBookshelf */ = {
			isa = PBXGroup;
			children = (
				77985CB71DB9C62A00CC394B /* AppDelegate */,
				77985C741DB9C55E00CC394B /* Business */,
				77985C891DB9C5DA00CC394B /* General */,
				77985CA61DB9C5DA00CC394B /* Vendor */,
				776DD2B01DB8B0360084C951 /* Supporting Files */,
			);
			path = HKBookshelf;
			sourceTree = "<group>";
		};
		776DD2B01DB8B0360084C951 /* Supporting Files */ = {
			isa = PBXGroup;
			children = (
				775395521DBDB93F00DB5F38 /* om.pdf */,
				770632581DC7370600EC4E66 /* one.txt */,
				7710D2731DB9C2F1000D2555 /* Default-568h@2x.png */,
				7710D2741DB9C2F1000D2555 /* Default.png */,
				7710D2751DB9C2F1000D2555 /* Default@2x.png */,
				776DD2BF1DB8B0360084C951 /* Assets.xcassets */,
				776DD2C11DB8B0360084C951 /* LaunchScreen.storyboard */,
				776DD2C41DB8B0360084C951 /* Info.plist */,
				776DD2BC1DB8B0360084C951 /* HKBookshelf.xcdatamodeld */,
				776DD2B11DB8B0360084C951 /* main.m */,
			);
			name = "Supporting Files";
			sourceTree = "<group>";
		};
		776DD2CC1DB8B0360084C951 /* HKBookshelfTests */ = {
			isa = PBXGroup;
			children = (
				776DD2CD1DB8B0360084C951 /* HKBookshelfTests.m */,
				776DD2CF1DB8B0360084C951 /* Info.plist */,
			);
			path = HKBookshelfTests;
			sourceTree = "<group>";
		};
		776DD2D71DB8B0360084C951 /* HKBookshelfUITests */ = {
			isa = PBXGroup;
			children = (
				776DD2D81DB8B0360084C951 /* HKBookshelfUITests.m */,
				776DD2DA1DB8B0360084C951 /* Info.plist */,
			);
			path = HKBookshelfUITests;
			sourceTree = "<group>";
		};
		77985C741DB9C55E00CC394B /* Business */ = {
			isa = PBXGroup;
			children = (
				77985C841DB9C5A700CC394B /* Main.storyboard */,
				77985C751DB9C55E00CC394B /* PagesViewController */,
			);
			path = Business;
			sourceTree = "<group>";
		};
		77985C751DB9C55E00CC394B /* PagesViewController */ = {
			isa = PBXGroup;
			children = (
				775F2AF11DCB5F22003AAAD8 /* BackViewController.h */,
				775F2AF21DCB5F22003AAAD8 /* BackViewController.m */,
				774067701DC86C650062A2B7 /* Txt */,
				774067771DC870A20062A2B7 /* PDF */,
			);
			path = PagesViewController;
			sourceTree = "<group>";
		};
		77985C891DB9C5DA00CC394B /* General */ = {
			isa = PBXGroup;
			children = (
				77985C8A1DB9C5DA00CC394B /* CommonBase */,
				77985C921DB9C5DA00CC394B /* CustomUI */,
				77985C931DB9C5DA00CC394B /* Extends */,
				77985CA21DB9C5DA00CC394B /* Marco */,
				77985CA51DB9C5DA00CC394B /* Model */,
			);
			path = General;
			sourceTree = "<group>";
		};
		77985C8A1DB9C5DA00CC394B /* CommonBase */ = {
			isa = PBXGroup;
			children = (
				77985C8B1DB9C5DA00CC394B /* HKBaseJSONModel */,
				77985C8C1DB9C5DA00CC394B /* HKNavigationController */,
				77985C8F1DB9C5DA00CC394B /* HKViewController */,
			);
			path = CommonBase;
			sourceTree = "<group>";
		};
		77985C8B1DB9C5DA00CC394B /* HKBaseJSONModel */ = {
			isa = PBXGroup;
			children = (
			);
			path = HKBaseJSONModel;
			sourceTree = "<group>";
		};
		77985C8C1DB9C5DA00CC394B /* HKNavigationController */ = {
			isa = PBXGroup;
			children = (
				77985C8D1DB9C5DA00CC394B /* HKNavigationController.h */,
				77985C8E1DB9C5DA00CC394B /* HKNavigationController.m */,
			);
			path = HKNavigationController;
			sourceTree = "<group>";
		};
		77985C8F1DB9C5DA00CC394B /* HKViewController */ = {
			isa = PBXGroup;
			children = (
				77985C901DB9C5DA00CC394B /* HKViewController.h */,
				77985C911DB9C5DA00CC394B /* HKViewController.m */,
			);
			path = HKViewController;
			sourceTree = "<group>";
		};
		77985C921DB9C5DA00CC394B /* CustomUI */ = {
			isa = PBXGroup;
			children = (
			);
			path = CustomUI;
			sourceTree = "<group>";
		};
		77985C931DB9C5DA00CC394B /* Extends */ = {
			isa = PBXGroup;
			children = (
				77985C941DB9C5DA00CC394B /* NSDate+HKExtends.h */,
				77985C951DB9C5DA00CC394B /* NSDate+HKExtends.m */,
				77985C961DB9C5DA00CC394B /* NSDictionary+HKExtends.h */,
				77985C971DB9C5DA00CC394B /* NSDictionary+HKExtends.m */,
				77985C981DB9C5DA00CC394B /* NSString+HKExtends.h */,
				77985C991DB9C5DA00CC394B /* NSString+HKExtends.m */,
				77985C9A1DB9C5DA00CC394B /* UIBarButtonItem+HKExtends.h */,
				77985C9B1DB9C5DA00CC394B /* UIBarButtonItem+HKExtends.m */,
				77985C9C1DB9C5DA00CC394B /* UIImage+HKExtends.h */,
				77985C9D1DB9C5DA00CC394B /* UIImage+HKExtends.m */,
				77985C9E1DB9C5DA00CC394B /* UILabel+HKExtends.h */,
				77985C9F1DB9C5DA00CC394B /* UILabel+HKExtends.m */,
				77985CA01DB9C5DA00CC394B /* UINavigationController+HKExtends.h */,
				77985CA11DB9C5DA00CC394B /* UINavigationController+HKExtends.m */,
			);
			path = Extends;
			sourceTree = "<group>";
		};
		77985CA21DB9C5DA00CC394B /* Marco */ = {
			isa = PBXGroup;
			children = (
				77985CA31DB9C5DA00CC394B /* HKModelMarco.h */,
				77985CA41DB9C5DA00CC394B /* HKViewMarco.h */,
			);
			path = Marco;
			sourceTree = "<group>";
		};
		77985CA51DB9C5DA00CC394B /* Model */ = {
			isa = PBXGroup;
			children = (
			);
			path = Model;
			sourceTree = "<group>";
		};
		77985CA61DB9C5DA00CC394B /* Vendor */ = {
			isa = PBXGroup;
			children = (
				77985CA71DB9C5DA00CC394B /* HKDelete */,
			);
			path = Vendor;
			sourceTree = "<group>";
		};
		77985CA71DB9C5DA00CC394B /* HKDelete */ = {
			isa = PBXGroup;
			children = (
			);
			path = HKDelete;
			sourceTree = "<group>";
		};
		77985CB71DB9C62A00CC394B /* AppDelegate */ = {
			isa = PBXGroup;
			children = (
				77985CB81DB9C62A00CC394B /* AppDelegate.h */,
				77985CB91DB9C62A00CC394B /* AppDelegate.m */,
			);
			path = AppDelegate;
			sourceTree = "<group>";
		};
/* End PBXGroup section */

/* Begin PBXNativeTarget section */
		776DD2AC1DB8B0360084C951 /* HKBookshelf */ = {
			isa = PBXNativeTarget;
			buildConfigurationList = 776DD2DD1DB8B0360084C951 /* Build configuration list for PBXNativeTarget "HKBookshelf" */;
			buildPhases = (
				776DD2A91DB8B0360084C951 /* Sources */,
				776DD2AA1DB8B0360084C951 /* Frameworks */,
				776DD2AB1DB8B0360084C951 /* Resources */,
			);
			buildRules = (
			);
			dependencies = (
			);
			name = HKBookshelf;
			productName = HKBookshelf;
			productReference = 776DD2AD1DB8B0360084C951 /* HKBookshelf.app */;
			productType = "com.apple.product-type.application";
		};
		776DD2C81DB8B0360084C951 /* HKBookshelfTests */ = {
			isa = PBXNativeTarget;
			buildConfigurationList = 776DD2E01DB8B0360084C951 /* Build configuration list for PBXNativeTarget "HKBookshelfTests" */;
			buildPhases = (
				776DD2C51DB8B0360084C951 /* Sources */,
				776DD2C61DB8B0360084C951 /* Frameworks */,
				776DD2C71DB8B0360084C951 /* Resources */,
			);
			buildRules = (
			);
			dependencies = (
				776DD2CB1DB8B0360084C951 /* PBXTargetDependency */,
			);
			name = HKBookshelfTests;
			productName = HKBookshelfTests;
			productReference = 776DD2C91DB8B0360084C951 /* HKBookshelfTests.xctest */;
			productType = "com.apple.product-type.bundle.unit-test";
		};
		776DD2D31DB8B0360084C951 /* HKBookshelfUITests */ = {
			isa = PBXNativeTarget;
			buildConfigurationList = 776DD2E31DB8B0360084C951 /* Build configuration list for PBXNativeTarget "HKBookshelfUITests" */;
			buildPhases = (
				776DD2D01DB8B0360084C951 /* Sources */,
				776DD2D11DB8B0360084C951 /* Frameworks */,
				776DD2D21DB8B0360084C951 /* Resources */,
			);
			buildRules = (
			);
			dependencies = (
				776DD2D61DB8B0360084C951 /* PBXTargetDependency */,
			);
			name = HKBookshelfUITests;
			productName = HKBookshelfUITests;
			productReference = 776DD2D41DB8B0360084C951 /* HKBookshelfUITests.xctest */;
			productType = "com.apple.product-type.bundle.ui-testing";
		};
/* End PBXNativeTarget section */

/* Begin PBXProject section */
		776DD2A51DB8B0360084C951 /* Project object */ = {
			isa = PBXProject;
			attributes = {
				LastUpgradeCheck = 0810;
				ORGANIZATIONNAME = HKY;
				TargetAttributes = {
					776DD2AC1DB8B0360084C951 = {
						CreatedOnToolsVersion = 8.0;
						DevelopmentTeam = LJTDBM4U3C;
						ProvisioningStyle = Automatic;
					};
					776DD2C81DB8B0360084C951 = {
						CreatedOnToolsVersion = 8.0;
						DevelopmentTeam = 5SBBQYT2MV;
						ProvisioningStyle = Automatic;
						TestTargetID = 776DD2AC1DB8B0360084C951;
					};
					776DD2D31DB8B0360084C951 = {
						CreatedOnToolsVersion = 8.0;
						DevelopmentTeam = 5SBBQYT2MV;
						ProvisioningStyle = Automatic;
						TestTargetID = 776DD2AC1DB8B0360084C951;
					};
				};
			};
			buildConfigurationList = 776DD2A81DB8B0360084C951 /* Build configuration list for PBXProject "HKBookshelf" */;
			compatibilityVersion = "Xcode 3.2";
			developmentRegion = English;
			hasScannedForEncodings = 0;
			knownRegions = (
				en,
				Base,
			);
			mainGroup = 776DD2A41DB8B0360084C951;
			productRefGroup = 776DD2AE1DB8B0360084C951 /* Products */;
			projectDirPath = "";
			projectRoot = "";
			targets = (
				776DD2AC1DB8B0360084C951 /* HKBookshelf */,
				776DD2C81DB8B0360084C951 /* HKBookshelfTests */,
				776DD2D31DB8B0360084C951 /* HKBookshelfUITests */,
			);
		};
/* End PBXProject section */

/* Begin PBXResourcesBuildPhase section */
		776DD2AB1DB8B0360084C951 /* Resources */ = {
			isa = PBXResourcesBuildPhase;
			buildActionMask = 2147483647;
			files = (
				7710D2781DB9C2F1000D2555 /* Default@2x.png in Resources */,
				77985C851DB9C5A700CC394B /* Main.storyboard in Resources */,
				776DD2C31DB8B0360084C951 /* LaunchScreen.storyboard in Resources */,
				776DD2C01DB8B0360084C951 /* Assets.xcassets in Resources */,
				7710D2771DB9C2F1000D2555 /* Default.png in Resources */,
				775395531DBDB93F00DB5F38 /* om.pdf in Resources */,
				7710D2761DB9C2F1000D2555 /* Default-568h@2x.png in Resources */,
				770632591DC7370600EC4E66 /* one.txt in Resources */,
			);
			runOnlyForDeploymentPostprocessing = 0;
		};
		776DD2C71DB8B0360084C951 /* Resources */ = {
			isa = PBXResourcesBuildPhase;
			buildActionMask = 2147483647;
			files = (
			);
			runOnlyForDeploymentPostprocessing = 0;
		};
		776DD2D21DB8B0360084C951 /* Resources */ = {
			isa = PBXResourcesBuildPhase;
			buildActionMask = 2147483647;
			files = (
			);
			runOnlyForDeploymentPostprocessing = 0;
		};
/* End PBXResourcesBuildPhase section */

/* Begin PBXSourcesBuildPhase section */
		776DD2A91DB8B0360084C951 /* Sources */ = {
			isa = PBXSourcesBuildPhase;
			buildActionMask = 2147483647;
			files = (
				774067861DC870A20062A2B7 /* TiledPDFView.m in Sources */,
				77985CAE1DB9C5DA00CC394B /* NSString+HKExtends.m in Sources */,
				77985CAB1DB9C5DA00CC394B /* HKViewController.m in Sources */,
				776DD2BE1DB8B0360084C951 /* HKBookshelf.xcdatamodeld in Sources */,
				77AE13761DC9B8C300067015 /* BookMenu.m in Sources */,
				77985CAF1DB9C5DA00CC394B /* UIBarButtonItem+HKExtends.m in Sources */,
				77985CBA1DB9C62A00CC394B /* AppDelegate.m in Sources */,
				77985CB11DB9C5DA00CC394B /* UILabel+HKExtends.m in Sources */,
				77985CAD1DB9C5DA00CC394B /* NSDictionary+HKExtends.m in Sources */,
				774067841DC870A20062A2B7 /* DataViewController.m in Sources */,
				774067731DC86C650062A2B7 /* TxtSource.m in Sources */,
				774067761DC86C7D0062A2B7 /* TxtDataViewController.m in Sources */,
				774067831DC870A20062A2B7 /* BookViewController.m in Sources */,
				774067891DC870BD0062A2B7 /* TxtBookViewController.m in Sources */,
				774067821DC870A20062A2B7 /* BookSource.m in Sources */,
				77985CAA1DB9C5DA00CC394B /* HKNavigationController.m in Sources */,
				77985CB21DB9C5DA00CC394B /* UINavigationController+HKExtends.m in Sources */,
				775F2AF31DCB5F22003AAAD8 /* BackViewController.m in Sources */,
				776DD2B21DB8B0360084C951 /* main.m in Sources */,
				77985CAC1DB9C5DA00CC394B /* NSDate+HKExtends.m in Sources */,
				774067851DC870A20062A2B7 /* PDFScrollView.m in Sources */,
				77985CB01DB9C5DA00CC394B /* UIImage+HKExtends.m in Sources */,
			);
			runOnlyForDeploymentPostprocessing = 0;
		};
		776DD2C51DB8B0360084C951 /* Sources */ = {
			isa = PBXSourcesBuildPhase;
			buildActionMask = 2147483647;
			files = (
				776DD2CE1DB8B0360084C951 /* HKBookshelfTests.m in Sources */,
			);
			runOnlyForDeploymentPostprocessing = 0;
		};
		776DD2D01DB8B0360084C951 /* Sources */ = {
			isa = PBXSourcesBuildPhase;
			buildActionMask = 2147483647;
			files = (
				776DD2D91DB8B0360084C951 /* HKBookshelfUITests.m in Sources */,
			);
			runOnlyForDeploymentPostprocessing = 0;
		};
/* End PBXSourcesBuildPhase section */

/* Begin PBXTargetDependency section */
		776DD2CB1DB8B0360084C951 /* PBXTargetDependency */ = {
			isa = PBXTargetDependency;
			target = 776DD2AC1DB8B0360084C951 /* HKBookshelf */;
			targetProxy = 776DD2CA1DB8B0360084C951 /* PBXContainerItemProxy */;
		};
		776DD2D61DB8B0360084C951 /* PBXTargetDependency */ = {
			isa = PBXTargetDependency;
			target = 776DD2AC1DB8B0360084C951 /* HKBookshelf */;
			targetProxy = 776DD2D51DB8B0360084C951 /* PBXContainerItemProxy */;
		};
/* End PBXTargetDependency section */

/* Begin PBXVariantGroup section */
		776DD2C11DB8B0360084C951 /* LaunchScreen.storyboard */ = {
			isa = PBXVariantGroup;
			children = (
				776DD2C21DB8B0360084C951 /* Base */,
			);
			name = LaunchScreen.storyboard;
			sourceTree = "<group>";
		};
/* End PBXVariantGroup section */

/* Begin XCBuildConfiguration section */
		776DD2DB1DB8B0360084C951 /* Debug */ = {
			isa = XCBuildConfiguration;
			buildSettings = {
				ALWAYS_SEARCH_USER_PATHS = NO;
				CLANG_ANALYZER_NONNULL = YES;
				CLANG_CXX_LANGUAGE_STANDARD = "gnu++0x";
				CLANG_CXX_LIBRARY = "libc++";
				CLANG_ENABLE_MODULES = YES;
				CLANG_ENABLE_OBJC_ARC = YES;
				CLANG_WARN_BOOL_CONVERSION = YES;
				CLANG_WARN_CONSTANT_CONVERSION = YES;
				CLANG_WARN_DIRECT_OBJC_ISA_USAGE = YES_ERROR;
				CLANG_WARN_DOCUMENTATION_COMMENTS = YES;
				CLANG_WARN_EMPTY_BODY = YES;
				CLANG_WARN_ENUM_CONVERSION = YES;
				CLANG_WARN_INFINITE_RECURSION = YES;
				CLANG_WARN_INT_CONVERSION = YES;
				CLANG_WARN_OBJC_ROOT_CLASS = YES_ERROR;
				CLANG_WARN_SUSPICIOUS_MOVE = YES;
				CLANG_WARN_SUSPICIOUS_MOVES = YES;
				CLANG_WARN_UNREACHABLE_CODE = YES;
				CLANG_WARN__DUPLICATE_METHOD_MATCH = YES;
				"CODE_SIGN_IDENTITY[sdk=iphoneos*]" = "iPhone Developer";
				COPY_PHASE_STRIP = NO;
				DEBUG_INFORMATION_FORMAT = dwarf;
				ENABLE_STRICT_OBJC_MSGSEND = YES;
				ENABLE_TESTABILITY = YES;
				GCC_C_LANGUAGE_STANDARD = gnu99;
				GCC_DYNAMIC_NO_PIC = NO;
				GCC_NO_COMMON_BLOCKS = YES;
				GCC_OPTIMIZATION_LEVEL = 0;
				GCC_PREPROCESSOR_DEFINITIONS = (
					"DEBUG=1",
					"$(inherited)",
				);
				GCC_WARN_64_TO_32_BIT_CONVERSION = YES;
				GCC_WARN_ABOUT_RETURN_TYPE = YES_ERROR;
				GCC_WARN_UNDECLARED_SELECTOR = YES;
				GCC_WARN_UNINITIALIZED_AUTOS = YES_AGGRESSIVE;
				GCC_WARN_UNUSED_FUNCTION = YES;
				GCC_WARN_UNUSED_VARIABLE = YES;
				IPHONEOS_DEPLOYMENT_TARGET = 9.0;
				MTL_ENABLE_DEBUG_INFO = YES;
				ONLY_ACTIVE_ARCH = YES;
				SDKROOT = iphoneos;
			};
			name = Debug;
		};
		776DD2DC1DB8B0360084C951 /* Release */ = {
			isa = XCBuildConfiguration;
			buildSettings = {
				ALWAYS_SEARCH_USER_PATHS = NO;
				CLANG_ANALYZER_NONNULL = YES;
				CLANG_CXX_LANGUAGE_STANDARD = "gnu++0x";
				CLANG_CXX_LIBRARY = "libc++";
				CLANG_ENABLE_MODULES = YES;
				CLANG_ENABLE_OBJC_ARC = YES;
				CLANG_WARN_BOOL_CONVERSION = YES;
				CLANG_WARN_CONSTANT_CONVERSION = YES;
				CLANG_WARN_DIRECT_OBJC_ISA_USAGE = YES_ERROR;
				CLANG_WARN_DOCUMENTATION_COMMENTS = YES;
				CLANG_WARN_EMPTY_BODY = YES;
				CLANG_WARN_ENUM_CONVERSION = YES;
				CLANG_WARN_INFINITE_RECURSION = YES;
				CLANG_WARN_INT_CONVERSION = YES;
				CLANG_WARN_OBJC_ROOT_CLASS = YES_ERROR;
				CLANG_WARN_SUSPICIOUS_MOVE = YES;
				CLANG_WARN_SUSPICIOUS_MOVES = YES;
				CLANG_WARN_UNREACHABLE_CODE = YES;
				CLANG_WARN__DUPLICATE_METHOD_MATCH = YES;
				"CODE_SIGN_IDENTITY[sdk=iphoneos*]" = "iPhone Developer";
				COPY_PHASE_STRIP = NO;
				DEBUG_INFORMATION_FORMAT = "dwarf-with-dsym";
				ENABLE_NS_ASSERTIONS = NO;
				ENABLE_STRICT_OBJC_MSGSEND = YES;
				GCC_C_LANGUAGE_STANDARD = gnu99;
				GCC_NO_COMMON_BLOCKS = YES;
				GCC_WARN_64_TO_32_BIT_CONVERSION = YES;
				GCC_WARN_ABOUT_RETURN_TYPE = YES_ERROR;
				GCC_WARN_UNDECLARED_SELECTOR = YES;
				GCC_WARN_UNINITIALIZED_AUTOS = YES_AGGRESSIVE;
				GCC_WARN_UNUSED_FUNCTION = YES;
				GCC_WARN_UNUSED_VARIABLE = YES;
				IPHONEOS_DEPLOYMENT_TARGET = 9.0;
				MTL_ENABLE_DEBUG_INFO = NO;
				SDKROOT = iphoneos;
				VALIDATE_PRODUCT = YES;
			};
			name = Release;
		};
		776DD2DE1DB8B0360084C951 /* Debug */ = {
			isa = XCBuildConfiguration;
			buildSettings = {
				ASSETCATALOG_COMPILER_APPICON_NAME = AppIcon;
				"CODE_SIGN_IDENTITY[sdk=iphoneos*]" = "iPhone Developer";
				DEVELOPMENT_TEAM = LJTDBM4U3C;
				FRAMEWORK_SEARCH_PATHS = (
					"$(inherited)",
					"$(PROJECT_DIR)/HKBookshelf/Vendor/HKDelete",
				);
				INFOPLIST_FILE = HKBookshelf/Info.plist;
				LD_RUNPATH_SEARCH_PATHS = "$(inherited) @executable_path/Frameworks";
				OTHER_LDFLAGS = "-ObjC";
				"OTHER_LDFLAGS[arch=*]" = "-ObjC";
				PRODUCT_BUNDLE_IDENTIFIER = com.lab.HKBookshelf;
				PRODUCT_NAME = "$(TARGET_NAME)";
			};
			name = Debug;
		};
		776DD2DF1DB8B0360084C951 /* Release */ = {
			isa = XCBuildConfiguration;
			buildSettings = {
				ASSETCATALOG_COMPILER_APPICON_NAME = AppIcon;
				"CODE_SIGN_IDENTITY[sdk=iphoneos*]" = "iPhone Developer";
				DEVELOPMENT_TEAM = LJTDBM4U3C;
				FRAMEWORK_SEARCH_PATHS = (
					"$(inherited)",
					"$(PROJECT_DIR)/HKBookshelf/Vendor/HKDelete",
				);
				INFOPLIST_FILE = HKBookshelf/Info.plist;
				LD_RUNPATH_SEARCH_PATHS = "$(inherited) @executable_path/Frameworks";
				OTHER_LDFLAGS = "-ObjC";
				"OTHER_LDFLAGS[arch=*]" = "-ObjC";
				PRODUCT_BUNDLE_IDENTIFIER = com.lab.HKBookshelf;
				PRODUCT_NAME = "$(TARGET_NAME)";
			};
			name = Release;
		};
		776DD2E11DB8B0360084C951 /* Debug */ = {
			isa = XCBuildConfiguration;
			buildSettings = {
				BUNDLE_LOADER = "$(TEST_HOST)";
				DEVELOPMENT_TEAM = 5SBBQYT2MV;
				INFOPLIST_FILE = HKBookshelfTests/Info.plist;
				LD_RUNPATH_SEARCH_PATHS = "$(inherited) @executable_path/Frameworks @loader_path/Frameworks";
				PRODUCT_BUNDLE_IDENTIFIER = com.experiment.HKBookshelfTests;
				PRODUCT_NAME = "$(TARGET_NAME)";
				TEST_HOST = "$(BUILT_PRODUCTS_DIR)/HKBookshelf.app/HKBookshelf";
			};
			name = Debug;
		};
		776DD2E21DB8B0360084C951 /* Release */ = {
			isa = XCBuildConfiguration;
			buildSettings = {
				BUNDLE_LOADER = "$(TEST_HOST)";
				DEVELOPMENT_TEAM = 5SBBQYT2MV;
				INFOPLIST_FILE = HKBookshelfTests/Info.plist;
				LD_RUNPATH_SEARCH_PATHS = "$(inherited) @executable_path/Frameworks @loader_path/Frameworks";
				PRODUCT_BUNDLE_IDENTIFIER = com.experiment.HKBookshelfTests;
				PRODUCT_NAME = "$(TARGET_NAME)";
				TEST_HOST = "$(BUILT_PRODUCTS_DIR)/HKBookshelf.app/HKBookshelf";
			};
			name = Release;
		};
		776DD2E41DB8B0360084C951 /* Debug */ = {
			isa = XCBuildConfiguration;
			buildSettings = {
				DEVELOPMENT_TEAM = 5SBBQYT2MV;
				INFOPLIST_FILE = HKBookshelfUITests/Info.plist;
				LD_RUNPATH_SEARCH_PATHS = "$(inherited) @executable_path/Frameworks @loader_path/Frameworks";
				PRODUCT_BUNDLE_IDENTIFIER = com.experiment.HKBookshelfUITests;
				PRODUCT_NAME = "$(TARGET_NAME)";
				TEST_TARGET_NAME = HKBookshelf;
			};
			name = Debug;
		};
		776DD2E51DB8B0360084C951 /* Release */ = {
			isa = XCBuildConfiguration;
			buildSettings = {
				DEVELOPMENT_TEAM = 5SBBQYT2MV;
				INFOPLIST_FILE = HKBookshelfUITests/Info.plist;
				LD_RUNPATH_SEARCH_PATHS = "$(inherited) @executable_path/Frameworks @loader_path/Frameworks";
				PRODUCT_BUNDLE_IDENTIFIER = com.experiment.HKBookshelfUITests;
				PRODUCT_NAME = "$(TARGET_NAME)";
				TEST_TARGET_NAME = HKBookshelf;
			};
			name = Release;
		};
/* End XCBuildConfiguration section */

/* Begin XCConfigurationList section */
		776DD2A81DB8B0360084C951 /* Build configuration list for PBXProject "HKBookshelf" */ = {
			isa = XCConfigurationList;
			buildConfigurations = (
				776DD2DB1DB8B0360084C951 /* Debug */,
				776DD2DC1DB8B0360084C951 /* Release */,
			);
			defaultConfigurationIsVisible = 0;
			defaultConfigurationName = Release;
		};
		776DD2DD1DB8B0360084C951 /* Build configuration list for PBXNativeTarget "HKBookshelf" */ = {
			isa = XCConfigurationList;
			buildConfigurations = (
				776DD2DE1DB8B0360084C951 /* Debug */,
				776DD2DF1DB8B0360084C951 /* Release */,
			);
			defaultConfigurationIsVisible = 0;
			defaultConfigurationName = Release;
		};
		776DD2E01DB8B0360084C951 /* Build configuration list for PBXNativeTarget "HKBookshelfTests" */ = {
			isa = XCConfigurationList;
			buildConfigurations = (
				776DD2E11DB8B0360084C951 /* Debug */,
				776DD2E21DB8B0360084C951 /* Release */,
			);
			defaultConfigurationIsVisible = 0;
			defaultConfigurationName = Release;
		};
		776DD2E31DB8B0360084C951 /* Build configuration list for PBXNativeTarget "HKBookshelfUITests" */ = {
			isa = XCConfigurationList;
			buildConfigurations = (
				776DD2E41DB8B0360084C951 /* Debug */,
				776DD2E51DB8B0360084C951 /* Release */,
			);
			defaultConfigurationIsVisible = 0;
			defaultConfigurationName = Release;
		};
/* End XCConfigurationList section */

/* Begin XCVersionGroup section */
		776DD2BC1DB8B0360084C951 /* HKBookshelf.xcdatamodeld */ = {
			isa = XCVersionGroup;
			children = (
				776DD2BD1DB8B0360084C951 /* HKBookshelf.xcdatamodel */,
			);
			currentVersion = 776DD2BD1DB8B0360084C951 /* HKBookshelf.xcdatamodel */;
			path = HKBookshelf.xcdatamodeld;
			sourceTree = "<group>";
			versionGroupType = wrapper.xcdatamodel;
		};
/* End XCVersionGroup section */
	};
	rootObject = 776DD2A51DB8B0360084C951 /* Project object */;
}
